
Microsoft Visual Studio Solution File, Format Version 12.00
# Visual Studio Version 16
VisualStudioVersion = 16.0.31025.194
MinimumVisualStudioVersion = 10.0.40219.1
Project("{FAE04EC0-301F-11D3-BF4B-00C04F79EFBC}") = "EducationalCenter", "EducationalCenter\EducationalCenter.csproj", "{20F02B48-065C-4197-85F0-1CB17DB28496}"
EndProject
Global
	GlobalSection(SolutionConfigurationPlatforms) = preSolution
		Debug|Any CPU = Debug|Any CPU
		Release|Any CPU = Release|Any CPU
	EndGlobalSection
	GlobalSection(ProjectConfigurationPlatforms) = postSolution
		{20F02B48-065C-4197-85F0-1CB17DB28496}.Debug|Any CPU.ActiveCfg = Debug|Any CPU
		{20F02B48-065C-4197-85F0-1CB17DB28496}.Debug|Any CPU.Build.0 = Debug|Any CPU
		{20F02B48-065C-4197-85F0-1CB17DB28496}.Release|Any CPU.ActiveCfg = Release|Any CPU
		{20F02B48-065C-4197-85F0-1CB17DB28496}.Release|Any CPU.Build.0 = Release|Any CPU
	EndGlobalSection
	GlobalSection(SolutionProperties) = preSolution
		HideSolutionNode = FALSE
	EndGlobalSection
	GlobalSection(ExtensibilityGlobals) = postSolution
		SolutionGuid = {82A67AFC-6461-41E0-A203-ABAA74D24A21}
	EndGlobalSection
EndGlobal
