
Microsoft Visual Studio Solution File, Format Version 12.00
# Visual Studio Version 16
VisualStudioVersion = 16.0.31025.194
MinimumVisualStudioVersion = 10.0.40219.1
Project("{9A19103F-16F7-4668-BE54-9A1E7A4F7556}") = "EducationalCenter", "EducationalCenter\EducationalCenter.csproj", "{20F02B48-065C-4197-85F0-1CB17DB28496}"
EndProject
Project("{9A19103F-16F7-4668-BE54-9A1E7A4F7556}") = "EducationalCenter.BL", "EducationalCenter.BL\EducationalCenter.BL.csproj", "{1023F8B2-F613-4B9C-9838-2C6DB2794D39}"
EndProject
Project("{9A19103F-16F7-4668-BE54-9A1E7A4F7556}") = "EducationalCenter.Data", "EducationalCenter.Data\EducationalCenter.Data.csproj", "{356D98C8-4A93-470D-9778-13B66032C660}"
EndProject
Project("{9A19103F-16F7-4668-BE54-9A1E7A4F7556}") = "EducationalCenter.IBL", "EducationalCenter.IBL\EducationalCenter.IBL.csproj", "{B5FE4B89-0B5B-4A64-9260-B3941CAB4EBF}"
EndProject
Project("{9A19103F-16F7-4668-BE54-9A1E7A4F7556}") = "EducationalCenter.Model", "EducationalCenter.Model\EducationalCenter.Model.csproj", "{D14E0DCF-9B49-4C30-95A6-74D9443B67D4}"
EndProject
Project("{FAE04EC0-301F-11D3-BF4B-00C04F79EFBC}") = "EducationalCenter.Common", "EducationalCenter.Common\EducationalCenter.Common.csproj", "{36AC567F-66D2-492B-85D4-4C2C11D61486}"
EndProject
Global
	GlobalSection(SolutionConfigurationPlatforms) = preSolution
		Debug|Any CPU = Debug|Any CPU
		Release|Any CPU = Release|Any CPU
	EndGlobalSection
	GlobalSection(ProjectConfigurationPlatforms) = postSolution
		{20F02B48-065C-4197-85F0-1CB17DB28496}.Debug|Any CPU.ActiveCfg = Debug|Any CPU
		{20F02B48-065C-4197-85F0-1CB17DB28496}.Debug|Any CPU.Build.0 = Debug|Any CPU
		{20F02B48-065C-4197-85F0-1CB17DB28496}.Release|Any CPU.ActiveCfg = Release|Any CPU
		{20F02B48-065C-4197-85F0-1CB17DB28496}.Release|Any CPU.Build.0 = Release|Any CPU
		{1023F8B2-F613-4B9C-9838-2C6DB2794D39}.Debug|Any CPU.ActiveCfg = Debug|Any CPU
		{1023F8B2-F613-4B9C-9838-2C6DB2794D39}.Debug|Any CPU.Build.0 = Debug|Any CPU
		{1023F8B2-F613-4B9C-9838-2C6DB2794D39}.Release|Any CPU.ActiveCfg = Release|Any CPU
		{1023F8B2-F613-4B9C-9838-2C6DB2794D39}.Release|Any CPU.Build.0 = Release|Any CPU
		{356D98C8-4A93-470D-9778-13B66032C660}.Debug|Any CPU.ActiveCfg = Debug|Any CPU
		{356D98C8-4A93-470D-9778-13B66032C660}.Debug|Any CPU.Build.0 = Debug|Any CPU
		{356D98C8-4A93-470D-9778-13B66032C660}.Release|Any CPU.ActiveCfg = Release|Any CPU
		{356D98C8-4A93-470D-9778-13B66032C660}.Release|Any CPU.Build.0 = Release|Any CPU
		{B5FE4B89-0B5B-4A64-9260-B3941CAB4EBF}.Debug|Any CPU.ActiveCfg = Debug|Any CPU
		{B5FE4B89-0B5B-4A64-9260-B3941CAB4EBF}.Debug|Any CPU.Build.0 = Debug|Any CPU
		{B5FE4B89-0B5B-4A64-9260-B3941CAB4EBF}.Release|Any CPU.ActiveCfg = Release|Any CPU
		{B5FE4B89-0B5B-4A64-9260-B3941CAB4EBF}.Release|Any CPU.Build.0 = Release|Any CPU
		{D14E0DCF-9B49-4C30-95A6-74D9443B67D4}.Debug|Any CPU.ActiveCfg = Debug|Any CPU
		{D14E0DCF-9B49-4C30-95A6-74D9443B67D4}.Debug|Any CPU.Build.0 = Debug|Any CPU
		{D14E0DCF-9B49-4C30-95A6-74D9443B67D4}.Release|Any CPU.ActiveCfg = Release|Any CPU
		{D14E0DCF-9B49-4C30-95A6-74D9443B67D4}.Release|Any CPU.Build.0 = Release|Any CPU
		{36AC567F-66D2-492B-85D4-4C2C11D61486}.Debug|Any CPU.ActiveCfg = Debug|Any CPU
		{36AC567F-66D2-492B-85D4-4C2C11D61486}.Debug|Any CPU.Build.0 = Debug|Any CPU
		{36AC567F-66D2-492B-85D4-4C2C11D61486}.Release|Any CPU.ActiveCfg = Release|Any CPU
		{36AC567F-66D2-492B-85D4-4C2C11D61486}.Release|Any CPU.Build.0 = Release|Any CPU
	EndGlobalSection
	GlobalSection(SolutionProperties) = preSolution
		HideSolutionNode = FALSE
	EndGlobalSection
	GlobalSection(ExtensibilityGlobals) = postSolution
		SolutionGuid = {82A67AFC-6461-41E0-A203-ABAA74D24A21}
	EndGlobalSection
EndGlobal
