
Microsoft Visual Studio Solution File, Format Version 12.00
# Visual Studio Version 16
VisualStudioVersion = 16.0.31025.194
MinimumVisualStudioVersion = 10.0.40219.1
Project("{9A19103F-16F7-4668-BE54-9A1E7A4F7556}") = "EducationalCenter.MVC", "EducationalCenter\EducationalCenter.MVC.csproj", "{20F02B48-065C-4197-85F0-1CB17DB28496}"
EndProject
Project("{9A19103F-16F7-4668-BE54-9A1E7A4F7556}") = "EducationalCenter.Common", "EducationalCenter.Common\EducationalCenter.Common.csproj", "{36AC567F-66D2-492B-85D4-4C2C11D61486}"
EndProject
Project("{9A19103F-16F7-4668-BE54-9A1E7A4F7556}") = "EducationalCenter.DataAccess.EF", "EducationalCenter.DataAccess.EF\EducationalCenter.DataAccess.EF.csproj", "{76C1D53F-6C02-4E1A-BA42-1F37C7E01D83}"
EndProject
Project("{9A19103F-16F7-4668-BE54-9A1E7A4F7556}") = "EducationalCenter.BLL", "EducationalCenter.BLL\EducationalCenter.BLL.csproj", "{B9FD342C-72B1-448A-B675-EBEC3FD3A09C}"
EndProject
Project("{9A19103F-16F7-4668-BE54-9A1E7A4F7556}") = "EducationalCenter.WebApi", "EducationalCenter.WebApi\EducationalCenter.WebApi.csproj", "{771A8C77-0816-4BB7-BC2B-267097024070}"
EndProject
Project("{9A19103F-16F7-4668-BE54-9A1E7A4F7556}") = "EducationalCenter.Angular", "EducationalCenter.Angular\EducationalCenter.Angular.csproj", "{6D5505DA-0803-46A5-B659-BC0E8A7985D8}"
EndProject
Project("{FAE04EC0-301F-11D3-BF4B-00C04F79EFBC}") = "EducationalCenter.IntegrationTests", "EducationalCenter.IntegrationTests\EducationalCenter.IntegrationTests.csproj", "{E54C5171-0847-4676-B690-6653989E3EF0}"
EndProject
Global
	GlobalSection(SolutionConfigurationPlatforms) = preSolution
		Debug|Any CPU = Debug|Any CPU
		Release|Any CPU = Release|Any CPU
	EndGlobalSection
	GlobalSection(ProjectConfigurationPlatforms) = postSolution
		{20F02B48-065C-4197-85F0-1CB17DB28496}.Debug|Any CPU.ActiveCfg = Debug|Any CPU
		{20F02B48-065C-4197-85F0-1CB17DB28496}.Debug|Any CPU.Build.0 = Debug|Any CPU
		{20F02B48-065C-4197-85F0-1CB17DB28496}.Release|Any CPU.ActiveCfg = Release|Any CPU
		{20F02B48-065C-4197-85F0-1CB17DB28496}.Release|Any CPU.Build.0 = Release|Any CPU
		{36AC567F-66D2-492B-85D4-4C2C11D61486}.Debug|Any CPU.ActiveCfg = Debug|Any CPU
		{36AC567F-66D2-492B-85D4-4C2C11D61486}.Debug|Any CPU.Build.0 = Debug|Any CPU
		{36AC567F-66D2-492B-85D4-4C2C11D61486}.Release|Any CPU.ActiveCfg = Release|Any CPU
		{36AC567F-66D2-492B-85D4-4C2C11D61486}.Release|Any CPU.Build.0 = Release|Any CPU
		{76C1D53F-6C02-4E1A-BA42-1F37C7E01D83}.Debug|Any CPU.ActiveCfg = Debug|Any CPU
		{76C1D53F-6C02-4E1A-BA42-1F37C7E01D83}.Debug|Any CPU.Build.0 = Debug|Any CPU
		{76C1D53F-6C02-4E1A-BA42-1F37C7E01D83}.Release|Any CPU.ActiveCfg = Release|Any CPU
		{76C1D53F-6C02-4E1A-BA42-1F37C7E01D83}.Release|Any CPU.Build.0 = Release|Any CPU
		{B9FD342C-72B1-448A-B675-EBEC3FD3A09C}.Debug|Any CPU.ActiveCfg = Debug|Any CPU
		{B9FD342C-72B1-448A-B675-EBEC3FD3A09C}.Debug|Any CPU.Build.0 = Debug|Any CPU
		{B9FD342C-72B1-448A-B675-EBEC3FD3A09C}.Release|Any CPU.ActiveCfg = Release|Any CPU
		{B9FD342C-72B1-448A-B675-EBEC3FD3A09C}.Release|Any CPU.Build.0 = Release|Any CPU
		{771A8C77-0816-4BB7-BC2B-267097024070}.Debug|Any CPU.ActiveCfg = Debug|Any CPU
		{771A8C77-0816-4BB7-BC2B-267097024070}.Debug|Any CPU.Build.0 = Debug|Any CPU
		{771A8C77-0816-4BB7-BC2B-267097024070}.Release|Any CPU.ActiveCfg = Release|Any CPU
		{771A8C77-0816-4BB7-BC2B-267097024070}.Release|Any CPU.Build.0 = Release|Any CPU
		{6D5505DA-0803-46A5-B659-BC0E8A7985D8}.Debug|Any CPU.ActiveCfg = Debug|Any CPU
		{6D5505DA-0803-46A5-B659-BC0E8A7985D8}.Debug|Any CPU.Build.0 = Debug|Any CPU
		{6D5505DA-0803-46A5-B659-BC0E8A7985D8}.Release|Any CPU.ActiveCfg = Release|Any CPU
		{6D5505DA-0803-46A5-B659-BC0E8A7985D8}.Release|Any CPU.Build.0 = Release|Any CPU
		{E54C5171-0847-4676-B690-6653989E3EF0}.Debug|Any CPU.ActiveCfg = Debug|Any CPU
		{E54C5171-0847-4676-B690-6653989E3EF0}.Debug|Any CPU.Build.0 = Debug|Any CPU
		{E54C5171-0847-4676-B690-6653989E3EF0}.Release|Any CPU.ActiveCfg = Release|Any CPU
		{E54C5171-0847-4676-B690-6653989E3EF0}.Release|Any CPU.Build.0 = Release|Any CPU
	EndGlobalSection
	GlobalSection(SolutionProperties) = preSolution
		HideSolutionNode = FALSE
	EndGlobalSection
	GlobalSection(ExtensibilityGlobals) = postSolution
		SolutionGuid = {82A67AFC-6461-41E0-A203-ABAA74D24A21}
	EndGlobalSection
EndGlobal
